
Microsoft Visual Studio Solution File, Format Version 12.00
# Visual Studio 15
VisualStudioVersion = 15.0.27703.2035
MinimumVisualStudioVersion = 10.0.40219.1
Project("{FAE04EC0-301F-11D3-BF4B-00C04F79EFBC}") = "Figures", "Figures\Figures.csproj", "{E93FF56E-2022-4CF5-92D2-A53FDDEF3642}"
EndProject
Global
	GlobalSection(SolutionConfigurationPlatforms) = preSolution
		Debug|Any CPU = Debug|Any CPU
		Release|Any CPU = Release|Any CPU
	EndGlobalSection
	GlobalSection(ProjectConfigurationPlatforms) = postSolution
		{E93FF56E-2022-4CF5-92D2-A53FDDEF3642}.Debug|Any CPU.ActiveCfg = Debug|Any CPU
		{E93FF56E-2022-4CF5-92D2-A53FDDEF3642}.Debug|Any CPU.Build.0 = Debug|Any CPU
		{E93FF56E-2022-4CF5-92D2-A53FDDEF3642}.Release|Any CPU.ActiveCfg = Release|Any CPU
		{E93FF56E-2022-4CF5-92D2-A53FDDEF3642}.Release|Any CPU.Build.0 = Release|Any CPU
	EndGlobalSection
	GlobalSection(SolutionProperties) = preSolution
		HideSolutionNode = FALSE
	EndGlobalSection
	GlobalSection(ExtensibilityGlobals) = postSolution
		SolutionGuid = {70F33CF2-7210-42B7-93AD-6F2CDCA3F9F4}
	EndGlobalSection
EndGlobal
